// !$*UTF8*$!
{
	archiveVersion = 1;
	classes = {
	};
	objectVersion = 50;
	objects = {

/* Begin PBXBuildFile section */
		843ECF5823478D75004D33AD /* AppDelegate.swift in Sources */ = {isa = PBXBuildFile; fileRef = 843ECF5723478D75004D33AD /* AppDelegate.swift */; };
		843ECF5A23478D75004D33AD /* SceneDelegate.swift in Sources */ = {isa = PBXBuildFile; fileRef = 843ECF5923478D75004D33AD /* SceneDelegate.swift */; };
		843ECF5F23478D75004D33AD /* Main.storyboard in Resources */ = {isa = PBXBuildFile; fileRef = 843ECF5D23478D75004D33AD /* Main.storyboard */; };
		843ECF6123478D76004D33AD /* Assets.xcassets in Resources */ = {isa = PBXBuildFile; fileRef = 843ECF6023478D76004D33AD /* Assets.xcassets */; };
		843ECF6423478D76004D33AD /* LaunchScreen.storyboard in Resources */ = {isa = PBXBuildFile; fileRef = 843ECF6223478D76004D33AD /* LaunchScreen.storyboard */; };
		843ECF7223478E46004D33AD /* Person.swift in Sources */ = {isa = PBXBuildFile; fileRef = 843ECF7123478E46004D33AD /* Person.swift */; };
		843ECF762347A33F004D33AD /* PersonListViewController.swift in Sources */ = {isa = PBXBuildFile; fileRef = 843ECF752347A33F004D33AD /* PersonListViewController.swift */; };
		84880ABD2349F01500D70FD3 /* InfoViewController.swift in Sources */ = {isa = PBXBuildFile; fileRef = 84880ABC2349F01500D70FD3 /* InfoViewController.swift */; };
/* End PBXBuildFile section */

/* Begin PBXFileReference section */
		843ECF5423478D75004D33AD /* ContactsApp.app */ = {isa = PBXFileReference; explicitFileType = wrapper.application; includeInIndex = 0; path = ContactsApp.app; sourceTree = BUILT_PRODUCTS_DIR; };
		843ECF5723478D75004D33AD /* AppDelegate.swift */ = {isa = PBXFileReference; lastKnownFileType = sourcecode.swift; path = AppDelegate.swift; sourceTree = "<group>"; };
		843ECF5923478D75004D33AD /* SceneDelegate.swift */ = {isa = PBXFileReference; lastKnownFileType = sourcecode.swift; path = SceneDelegate.swift; sourceTree = "<group>"; };
		843ECF5E23478D75004D33AD /* Base */ = {isa = PBXFileReference; lastKnownFileType = file.storyboard; name = Base; path = Base.lproj/Main.storyboard; sourceTree = "<group>"; };
		843ECF6023478D76004D33AD /* Assets.xcassets */ = {isa = PBXFileReference; lastKnownFileType = folder.assetcatalog; path = Assets.xcassets; sourceTree = "<group>"; };
		843ECF6323478D76004D33AD /* Base */ = {isa = PBXFileReference; lastKnownFileType = file.storyboard; name = Base; path = Base.lproj/LaunchScreen.storyboard; sourceTree = "<group>"; };
		843ECF6523478D76004D33AD /* Info.plist */ = {isa = PBXFileReference; lastKnownFileType = text.plist.xml; path = Info.plist; sourceTree = "<group>"; };
		843ECF7123478E46004D33AD /* Person.swift */ = {isa = PBXFileReference; lastKnownFileType = sourcecode.swift; path = Person.swift; sourceTree = "<group>"; };
		843ECF752347A33F004D33AD /* PersonListViewController.swift */ = {isa = PBXFileReference; lastKnownFileType = sourcecode.swift; path = PersonListViewController.swift; sourceTree = "<group>"; };
		84880ABC2349F01500D70FD3 /* InfoViewController.swift */ = {isa = PBXFileReference; lastKnownFileType = sourcecode.swift; path = InfoViewController.swift; sourceTree = "<group>"; };
/* End PBXFileReference section */

/* Begin PBXFrameworksBuildPhase section */
		843ECF5123478D75004D33AD /* Frameworks */ = {
			isa = PBXFrameworksBuildPhase;
			buildActionMask = 2147483647;
			files = (
			);
			runOnlyForDeploymentPostprocessing = 0;
		};
/* End PBXFrameworksBuildPhase section */

/* Begin PBXGroup section */
		843ECF4B23478D75004D33AD = {
			isa = PBXGroup;
			children = (
				843ECF5623478D75004D33AD /* ContactsApp */,
				843ECF5523478D75004D33AD /* Products */,
			);
			sourceTree = "<group>";
		};
		843ECF5523478D75004D33AD /* Products */ = {
			isa = PBXGroup;
			children = (
				843ECF5423478D75004D33AD /* ContactsApp.app */,
			);
			name = Products;
			sourceTree = "<group>";
		};
		843ECF5623478D75004D33AD /* ContactsApp */ = {
			isa = PBXGroup;
			children = (
				843ECF7023478E2B004D33AD /* Models */,
				843ECF6B23478D8C004D33AD /* ViewControllers */,
				843ECF6C23478DA4004D33AD /* Storyboards */,
				843ECF6E23478DE3004D33AD /* Supports */,
				843ECF6D23478DD2004D33AD /* Resources */,
			);
			path = ContactsApp;
			sourceTree = "<group>";
		};
		843ECF6B23478D8C004D33AD /* ViewControllers */ = {
			isa = PBXGroup;
			children = (
				843ECF752347A33F004D33AD /* PersonListViewController.swift */,
				84880ABC2349F01500D70FD3 /* InfoViewController.swift */,
			);
			path = ViewControllers;
			sourceTree = "<group>";
		};
		843ECF6C23478DA4004D33AD /* Storyboards */ = {
			isa = PBXGroup;
			children = (
				843ECF6223478D76004D33AD /* LaunchScreen.storyboard */,
				843ECF5D23478D75004D33AD /* Main.storyboard */,
			);
			path = Storyboards;
			sourceTree = "<group>";
		};
		843ECF6D23478DD2004D33AD /* Resources */ = {
			isa = PBXGroup;
			children = (
				843ECF6023478D76004D33AD /* Assets.xcassets */,
			);
			path = Resources;
			sourceTree = "<group>";
		};
		843ECF6E23478DE3004D33AD /* Supports */ = {
			isa = PBXGroup;
			children = (
				843ECF6523478D76004D33AD /* Info.plist */,
				843ECF5923478D75004D33AD /* SceneDelegate.swift */,
				843ECF5723478D75004D33AD /* AppDelegate.swift */,
			);
			path = Supports;
			sourceTree = "<group>";
		};
		843ECF7023478E2B004D33AD /* Models */ = {
			isa = PBXGroup;
			children = (
				843ECF7123478E46004D33AD /* Person.swift */,
			);
			path = Models;
			sourceTree = "<group>";
		};
/* End PBXGroup section */

/* Begin PBXNativeTarget section */
		843ECF5323478D75004D33AD /* ContactsApp */ = {
			isa = PBXNativeTarget;
			buildConfigurationList = 843ECF6823478D76004D33AD /* Build configuration list for PBXNativeTarget "ContactsApp" */;
			buildPhases = (
				843ECF5023478D75004D33AD /* Sources */,
				843ECF5123478D75004D33AD /* Frameworks */,
				843ECF5223478D75004D33AD /* Resources */,
			);
			buildRules = (
			);
			dependencies = (
			);
			name = ContactsApp;
			productName = ContactsApp;
			productReference = 843ECF5423478D75004D33AD /* ContactsApp.app */;
			productType = "com.apple.product-type.application";
		};
/* End PBXNativeTarget section */

/* Begin PBXProject section */
		843ECF4C23478D75004D33AD /* Project object */ = {
			isa = PBXProject;
			attributes = {
				LastSwiftUpdateCheck = 1100;
				LastUpgradeCheck = 1100;
				ORGANIZATIONNAME = "Timur Korolev";
				TargetAttributes = {
					843ECF5323478D75004D33AD = {
						CreatedOnToolsVersion = 11.0;
					};
				};
			};
			buildConfigurationList = 843ECF4F23478D75004D33AD /* Build configuration list for PBXProject "ContactsApp" */;
			compatibilityVersion = "Xcode 9.3";
			developmentRegion = en;
			hasScannedForEncodings = 0;
			knownRegions = (
				en,
				Base,
			);
			mainGroup = 843ECF4B23478D75004D33AD;
			productRefGroup = 843ECF5523478D75004D33AD /* Products */;
			projectDirPath = "";
			projectRoot = "";
			targets = (
				843ECF5323478D75004D33AD /* ContactsApp */,
			);
		};
/* End PBXProject section */

/* Begin PBXResourcesBuildPhase section */
		843ECF5223478D75004D33AD /* Resources */ = {
			isa = PBXResourcesBuildPhase;
			buildActionMask = 2147483647;
			files = (
				843ECF6423478D76004D33AD /* LaunchScreen.storyboard in Resources */,
				843ECF6123478D76004D33AD /* Assets.xcassets in Resources */,
				843ECF5F23478D75004D33AD /* Main.storyboard in Resources */,
			);
			runOnlyForDeploymentPostprocessing = 0;
		};
/* End PBXResourcesBuildPhase section */

/* Begin PBXSourcesBuildPhase section */
		843ECF5023478D75004D33AD /* Sources */ = {
			isa = PBXSourcesBuildPhase;
			buildActionMask = 2147483647;
			files = (
				843ECF7223478E46004D33AD /* Person.swift in Sources */,
				843ECF5823478D75004D33AD /* AppDelegate.swift in Sources */,
				843ECF5A23478D75004D33AD /* SceneDelegate.swift in Sources */,
				843ECF762347A33F004D33AD /* PersonListViewController.swift in Sources */,
				84880ABD2349F01500D70FD3 /* InfoViewController.swift in Sources */,
			);
			runOnlyForDeploymentPostprocessing = 0;
		};
/* End PBXSourcesBuildPhase section */

/* Begin PBXVariantGroup section */
		843ECF5D23478D75004D33AD /* Main.storyboard */ = {
			isa = PBXVariantGroup;
			children = (
				843ECF5E23478D75004D33AD /* Base */,
			);
			name = Main.storyboard;
			sourceTree = "<group>";
		};
		843ECF6223478D76004D33AD /* LaunchScreen.storyboard */ = {
			isa = PBXVariantGroup;
			children = (
				843ECF6323478D76004D33AD /* Base */,
			);
			name = LaunchScreen.storyboard;
			sourceTree = "<group>";
		};
/* End PBXVariantGroup section */

/* Begin XCBuildConfiguration section */
		843ECF6623478D76004D33AD /* Debug */ = {
			isa = XCBuildConfiguration;
			buildSettings = {
				ALWAYS_SEARCH_USER_PATHS = NO;
				CLANG_ANALYZER_NONNULL = YES;
				CLANG_ANALYZER_NUMBER_OBJECT_CONVERSION = YES_AGGRESSIVE;
				CLANG_CXX_LANGUAGE_STANDARD = "gnu++14";
				CLANG_CXX_LIBRARY = "libc++";
				CLANG_ENABLE_MODULES = YES;
				CLANG_ENABLE_OBJC_ARC = YES;
				CLANG_ENABLE_OBJC_WEAK = YES;
				CLANG_WARN_BLOCK_CAPTURE_AUTORELEASING = YES;
				CLANG_WARN_BOOL_CONVERSION = YES;
				CLANG_WARN_COMMA = YES;
				CLANG_WARN_CONSTANT_CONVERSION = YES;
				CLANG_WARN_DEPRECATED_OBJC_IMPLEMENTATIONS = YES;
				CLANG_WARN_DIRECT_OBJC_ISA_USAGE = YES_ERROR;
				CLANG_WARN_DOCUMENTATION_COMMENTS = YES;
				CLANG_WARN_EMPTY_BODY = YES;
				CLANG_WARN_ENUM_CONVERSION = YES;
				CLANG_WARN_INFINITE_RECURSION = YES;
				CLANG_WARN_INT_CONVERSION = YES;
				CLANG_WARN_NON_LITERAL_NULL_CONVERSION = YES;
				CLANG_WARN_OBJC_IMPLICIT_RETAIN_SELF = YES;
				CLANG_WARN_OBJC_LITERAL_CONVERSION = YES;
				CLANG_WARN_OBJC_ROOT_CLASS = YES_ERROR;
				CLANG_WARN_RANGE_LOOP_ANALYSIS = YES;
				CLANG_WARN_STRICT_PROTOTYPES = YES;
				CLANG_WARN_SUSPICIOUS_MOVE = YES;
				CLANG_WARN_UNGUARDED_AVAILABILITY = YES_AGGRESSIVE;
				CLANG_WARN_UNREACHABLE_CODE = YES;
				CLANG_WARN__DUPLICATE_METHOD_MATCH = YES;
				COPY_PHASE_STRIP = NO;
				DEBUG_INFORMATION_FORMAT = dwarf;
				ENABLE_STRICT_OBJC_MSGSEND = YES;
				ENABLE_TESTABILITY = YES;
				GCC_C_LANGUAGE_STANDARD = gnu11;
				GCC_DYNAMIC_NO_PIC = NO;
				GCC_NO_COMMON_BLOCKS = YES;
				GCC_OPTIMIZATION_LEVEL = 0;
				GCC_PREPROCESSOR_DEFINITIONS = (
					"DEBUG=1",
					"$(inherited)",
				);
				GCC_WARN_64_TO_32_BIT_CONVERSION = YES;
				GCC_WARN_ABOUT_RETURN_TYPE = YES_ERROR;
				GCC_WARN_UNDECLARED_SELECTOR = YES;
				GCC_WARN_UNINITIALIZED_AUTOS = YES_AGGRESSIVE;
				GCC_WARN_UNUSED_FUNCTION = YES;
				GCC_WARN_UNUSED_VARIABLE = YES;
				IPHONEOS_DEPLOYMENT_TARGET = 13.0;
				MTL_ENABLE_DEBUG_INFO = INCLUDE_SOURCE;
				MTL_FAST_MATH = YES;
				ONLY_ACTIVE_ARCH = YES;
				SDKROOT = iphoneos;
				SWIFT_ACTIVE_COMPILATION_CONDITIONS = DEBUG;
				SWIFT_OPTIMIZATION_LEVEL = "-Onone";
			};
			name = Debug;
		};
		843ECF6723478D76004D33AD /* Release */ = {
			isa = XCBuildConfiguration;
			buildSettings = {
				ALWAYS_SEARCH_USER_PATHS = NO;
				CLANG_ANALYZER_NONNULL = YES;
				CLANG_ANALYZER_NUMBER_OBJECT_CONVERSION = YES_AGGRESSIVE;
				CLANG_CXX_LANGUAGE_STANDARD = "gnu++14";
				CLANG_CXX_LIBRARY = "libc++";
				CLANG_ENABLE_MODULES = YES;
				CLANG_ENABLE_OBJC_ARC = YES;
				CLANG_ENABLE_OBJC_WEAK = YES;
				CLANG_WARN_BLOCK_CAPTURE_AUTORELEASING = YES;
				CLANG_WARN_BOOL_CONVERSION = YES;
				CLANG_WARN_COMMA = YES;
				CLANG_WARN_CONSTANT_CONVERSION = YES;
				CLANG_WARN_DEPRECATED_OBJC_IMPLEMENTATIONS = YES;
				CLANG_WARN_DIRECT_OBJC_ISA_USAGE = YES_ERROR;
				CLANG_WARN_DOCUMENTATION_COMMENTS = YES;
				CLANG_WARN_EMPTY_BODY = YES;
				CLANG_WARN_ENUM_CONVERSION = YES;
				CLANG_WARN_INFINITE_RECURSION = YES;
				CLANG_WARN_INT_CONVERSION = YES;
				CLANG_WARN_NON_LITERAL_NULL_CONVERSION = YES;
				CLANG_WARN_OBJC_IMPLICIT_RETAIN_SELF = YES;
				CLANG_WARN_OBJC_LITERAL_CONVERSION = YES;
				CLANG_WARN_OBJC_ROOT_CLASS = YES_ERROR;
				CLANG_WARN_RANGE_LOOP_ANALYSIS = YES;
				CLANG_WARN_STRICT_PROTOTYPES = YES;
				CLANG_WARN_SUSPICIOUS_MOVE = YES;
				CLANG_WARN_UNGUARDED_AVAILABILITY = YES_AGGRESSIVE;
				CLANG_WARN_UNREACHABLE_CODE = YES;
				CLANG_WARN__DUPLICATE_METHOD_MATCH = YES;
				COPY_PHASE_STRIP = NO;
				DEBUG_INFORMATION_FORMAT = "dwarf-with-dsym";
				ENABLE_NS_ASSERTIONS = NO;
				ENABLE_STRICT_OBJC_MSGSEND = YES;
				GCC_C_LANGUAGE_STANDARD = gnu11;
				GCC_NO_COMMON_BLOCKS = YES;
				GCC_WARN_64_TO_32_BIT_CONVERSION = YES;
				GCC_WARN_ABOUT_RETURN_TYPE = YES_ERROR;
				GCC_WARN_UNDECLARED_SELECTOR = YES;
				GCC_WARN_UNINITIALIZED_AUTOS = YES_AGGRESSIVE;
				GCC_WARN_UNUSED_FUNCTION = YES;
				GCC_WARN_UNUSED_VARIABLE = YES;
				IPHONEOS_DEPLOYMENT_TARGET = 13.0;
				MTL_ENABLE_DEBUG_INFO = NO;
				MTL_FAST_MATH = YES;
				SDKROOT = iphoneos;
				SWIFT_COMPILATION_MODE = wholemodule;
				SWIFT_OPTIMIZATION_LEVEL = "-O";
				VALIDATE_PRODUCT = YES;
			};
			name = Release;
		};
		843ECF6923478D76004D33AD /* Debug */ = {
			isa = XCBuildConfiguration;
			buildSettings = {
				ASSETCATALOG_COMPILER_APPICON_NAME = AppIcon;
				CODE_SIGN_STYLE = Automatic;
				INFOPLIST_FILE = ContactsApp/Supports/Info.plist;
				LD_RUNPATH_SEARCH_PATHS = (
					"$(inherited)",
					"@executable_path/Frameworks",
				);
				PRODUCT_BUNDLE_IDENTIFIER = ru.swiftbook.ContactsApp;
				PRODUCT_NAME = "$(TARGET_NAME)";
				SWIFT_VERSION = 5.0;
				TARGETED_DEVICE_FAMILY = "1,2";
			};
			name = Debug;
		};
		843ECF6A23478D76004D33AD /* Release */ = {
			isa = XCBuildConfiguration;
			buildSettings = {
				ASSETCATALOG_COMPILER_APPICON_NAME = AppIcon;
				CODE_SIGN_STYLE = Automatic;
				INFOPLIST_FILE = ContactsApp/Supports/Info.plist;
				LD_RUNPATH_SEARCH_PATHS = (
					"$(inherited)",
					"@executable_path/Frameworks",
				);
				PRODUCT_BUNDLE_IDENTIFIER = ru.swiftbook.ContactsApp;
				PRODUCT_NAME = "$(TARGET_NAME)";
				SWIFT_VERSION = 5.0;
				TARGETED_DEVICE_FAMILY = "1,2";
			};
			name = Release;
		};
/* End XCBuildConfiguration section */

/* Begin XCConfigurationList section */
		843ECF4F23478D75004D33AD /* Build configuration list for PBXProject "ContactsApp" */ = {
			isa = XCConfigurationList;
			buildConfigurations = (
				843ECF6623478D76004D33AD /* Debug */,
				843ECF6723478D76004D33AD /* Release */,
			);
			defaultConfigurationIsVisible = 0;
			defaultConfigurationName = Release;
		};
		843ECF6823478D76004D33AD /* Build configuration list for PBXNativeTarget "ContactsApp" */ = {
			isa = XCConfigurationList;
			buildConfigurations = (
				843ECF6923478D76004D33AD /* Debug */,
				843ECF6A23478D76004D33AD /* Release */,
			);
			defaultConfigurationIsVisible = 0;
			defaultConfigurationName = Release;
		};
/* End XCConfigurationList section */
	};
	rootObject = 843ECF4C23478D75004D33AD /* Project object */;
}
